PODS:
  - Flutter (1.0.0)
  - MapLibre (6.14.0)
  - maplibre_gl (0.0.1):
    - Flutter
    - MapLibre (= 6.14.0)

DEPENDENCIES:
  - Flutter (from `Flutter`)
  - maplibre_gl (from `.symlinks/plugins/maplibre_gl/ios`)

SPEC REPOS:
  trunk:
    - MapLibre

EXTERNAL SOURCES:
  Flutter:
    :path: Flutter
  maplibre_gl:
    :path: ".symlinks/plugins/maplibre_gl/ios"

SPEC CHECKSUMS:
  Flutter: e0871f40cf51350855a761d2e70bf5af5b9b5de7
  MapLibre: 69e572367f4ef6287e18246cfafc39c80cdcabcd
  maplibre_gl: 3c924e44725147b03dda33430ad216005b40555f

PODFILE CHECKSUM: 4305caec6b40dde0ae97be1573c53de1882a07e5

COCOAPODS: 1.16.2
